
Microsoft Visual Studio Solution File, Format Version 12.00
# Visual Studio Version 16
VisualStudioVersion = 16.0.29709.97
MinimumVisualStudioVersion = 10.0.40219.1
Project("{9A19103F-16F7-4668-BE54-9A1E7A4F7556}") = "ZeroDbs", "ZeroDbs\ZeroDbs.csproj", "{8F5F5144-818F-43C3-9828-D60F87DB14EA}"
EndProject
Global
	GlobalSection(SolutionConfigurationPlatforms) = preSolution
		Debug|Any CPU = Debug|Any CPU
		Release|Any CPU = Release|Any CPU
	EndGlobalSection
	GlobalSection(ProjectConfigurationPlatforms) = postSolution
		{8F5F5144-818F-43C3-9828-D60F87DB14EA}.Debug|Any CPU.ActiveCfg = Debug|Any CPU
		{8F5F5144-818F-43C3-9828-D60F87DB14EA}.Debug|Any CPU.Build.0 = Debug|Any CPU
		{8F5F5144-818F-43C3-9828-D60F87DB14EA}.Release|Any CPU.ActiveCfg = Release|Any CPU
		{8F5F5144-818F-43C3-9828-D60F87DB14EA}.Release|Any CPU.Build.0 = Release|Any CPU
	EndGlobalSection
	GlobalSection(SolutionProperties) = preSolution
		HideSolutionNode = FALSE
	EndGlobalSection
	GlobalSection(ExtensibilityGlobals) = postSolution
		SolutionGuid = {B0F117F8-130C-45D8-8666-2E10FE1D0D43}
	EndGlobalSection
EndGlobal
